
Microsoft Visual Studio Solution File, Format Version 12.00
Project("{FAE04EC0-301F-11D3-BF4B-00C04F79EFBC}") = "Core", "Core\Core.csproj", "{105E152F-C1F6-4C8A-9060-3AF10CDF0A50}"
EndProject
Project("{FAE04EC0-301F-11D3-BF4B-00C04F79EFBC}") = "GiosWeb", "GiosWeb\GiosWeb.csproj", "{E51F2114-6053-49A1-AB43-311ADE026FDB}"
EndProject
Project("{FAE04EC0-301F-11D3-BF4B-00C04F79EFBC}") = "Nuke", "Nuke\Nuke.csproj", "{4AF0B6E7-12D0-492D-A69C-838B2403093E}"
EndProject
Global
	GlobalSection(SolutionConfigurationPlatforms) = preSolution
		Debug|Any CPU = Debug|Any CPU
		Release|Any CPU = Release|Any CPU
	EndGlobalSection
	GlobalSection(ProjectConfigurationPlatforms) = postSolution
		{105E152F-C1F6-4C8A-9060-3AF10CDF0A50}.Debug|Any CPU.ActiveCfg = Debug|Any CPU
		{105E152F-C1F6-4C8A-9060-3AF10CDF0A50}.Debug|Any CPU.Build.0 = Debug|Any CPU
		{105E152F-C1F6-4C8A-9060-3AF10CDF0A50}.Release|Any CPU.ActiveCfg = Release|Any CPU
		{105E152F-C1F6-4C8A-9060-3AF10CDF0A50}.Release|Any CPU.Build.0 = Release|Any CPU
		{E51F2114-6053-49A1-AB43-311ADE026FDB}.Debug|Any CPU.ActiveCfg = Debug|Any CPU
		{E51F2114-6053-49A1-AB43-311ADE026FDB}.Debug|Any CPU.Build.0 = Debug|Any CPU
		{E51F2114-6053-49A1-AB43-311ADE026FDB}.Release|Any CPU.ActiveCfg = Release|Any CPU
		{E51F2114-6053-49A1-AB43-311ADE026FDB}.Release|Any CPU.Build.0 = Release|Any CPU
		{4AF0B6E7-12D0-492D-A69C-838B2403093E}.Debug|Any CPU.ActiveCfg = Debug|Any CPU
		{4AF0B6E7-12D0-492D-A69C-838B2403093E}.Debug|Any CPU.Build.0 = Debug|Any CPU
		{4AF0B6E7-12D0-492D-A69C-838B2403093E}.Release|Any CPU.ActiveCfg = Release|Any CPU
		{4AF0B6E7-12D0-492D-A69C-838B2403093E}.Release|Any CPU.Build.0 = Release|Any CPU
	EndGlobalSection
EndGlobal
